<?xml version="1.0" encoding="utf-8"?>
<Project ToolsVersion="4.0" xmlns="http://schemas.microsoft.com/developer/msbuild/2003">
  <ItemGroup>
    <Filter Include="Intern">
      <UniqueIdentifier>{0d9cb93f-68ad-4cb2-9449-0cb463d141fe}</UniqueIdentifier>
    </Filter>
    <Filter Include="UtilityTests">
      <UniqueIdentifier>{8fd12912-ceae-4e94-b28b-c7957f346f59}</UniqueIdentifier>
    </Filter>
  </ItemGroup>
  <ItemGroup>
    <ClCompile Include="..\..\source\testsuite\Initializer.cpp">
      <Filter>Intern</Filter>
    </ClCompile>
    <ClCompile Include="..\..\source\testsuite\ConversionTestSuite.cpp">
      <Filter>UtilityTests</Filter>
    </ClCompile>
    <ClCompile Include="..\..\source\testsuite\GenericBigEndianBufferTestSuite.cpp">
      <Filter>UtilityTests</Filter>
    </ClCompile>
    <ClCompile Include="..\..\source\testsuite\DecoderTestSuite.cpp" />
    <ClCompile Include="..\..\source\testsuite\EncoderTestSuite.cpp" />
    <ClCompile Include="..\..\source\testsuite\TrackerTestSuite.cpp" />
  </ItemGroup>
</Project>