<?xml version="1.0" encoding="utf-8"?>
<Project ToolsVersion="4.0" xmlns="http://schemas.microsoft.com/developer/msbuild/2003">
  <ItemGroup>
    <Filter Include="Torrent">
      <UniqueIdentifier>{b0b75c26-958a-426a-a0e7-52a797f2ad9b}</UniqueIdentifier>
    </Filter>
  </ItemGroup>
  <ItemGroup>
    <ClInclude Include="..\..\source\torrent\Piece.h" />
    <ClInclude Include="..\..\source\parsing\TorrentReader.h" />
    <ClInclude Include="..\..\source\parsing\Metainfo.h" />
    <ClInclude Include="..\..\source\parsing\Peer.h" />
    <ClInclude Include="..\..\source\parsing\Tracker.h" />
    <ClInclude Include="..\..\source\parsing\BEncoder.h">
      <Filter>Parsing</Filter>
    </ClInclude>
    <ClInclude Include="..\..\source\torrent\BDecoder.h">
      <Filter>Parsing</Filter>
    </ClInclude>
    <ClInclude Include="..\..\source\torrent\RootMetaInfo.h" />
  </ItemGroup>
  <ItemGroup>
    <ClCompile Include="..\..\source\torrent\TorrentReader.cpp" />
    <ClCompile Include="..\..\source\parsing\MetaInfo.cpp" />
    <ClCompile Include="..\..\source\parsing\Peer.cpp" />
    <ClCompile Include="..\..\source\parsing\Tracker.cpp" />
    <ClCompile Include="..\..\source\parsing\BDecoder.cpp">
      <Filter>Parsing</Filter>
    </ClCompile>
    <ClCompile Include="..\..\source\torrent\BEncoder.cpp">
      <Filter>Parsing</Filter>
    </ClCompile>
    <ClCompile Include="..\..\source\torrent\RootMetaInfo.cpp" />
  </ItemGroup>
</Project>